// !$*UTF8*$!
{
	archiveVersion = 1;
	classes = {
	};
	objectVersion = 77;
	objects = {

/* Begin PBXBuildFile section */
		A10D04B82F63E48E00E1FE28 /* ManualImportView.swift in Sources */ = {isa = PBXBuildFile; fileRef = A10D04B72F63E48E00E1FE28 /* ManualImportView.swift */; };
		A10D04BA2F63FDA400E1FE28 /* ContentView.swift in Sources */ = {isa = PBXBuildFile; fileRef = A10D04B92F63FDA400E1FE28 /* ContentView.swift */; };
		A10D04D12F66684200E1FE28 /* CategoryLibraryView.swift in Sources */ = {isa = PBXBuildFile; fileRef = A10D04CF2F66684200E1FE28 /* CategoryLibraryView.swift */; };
		A10D04D22F66684200E1FE28 /* ResearchLabView.swift in Sources */ = {isa = PBXBuildFile; fileRef = A10D04D02F66684200E1FE28 /* ResearchLabView.swift */; };
		A119DCEC2F62ABBC002A24FD /* Paper.swift in Sources */ = {isa = PBXBuildFile; fileRef = A119DCE02F62ABBC002A24FD /* Paper.swift */; };
		A119DCED2F62ABBC002A24FD /* PaperDetailView.swift in Sources */ = {isa = PBXBuildFile; fileRef = A119DCE42F62ABBC002A24FD /* PaperDetailView.swift */; };
		A119DCF12F62AE5A002A24FD /* ScholarMindApp.swift in Sources */ = {isa = PBXBuildFile; fileRef = A119DCF02F62ADF4002A24FD /* ScholarMindApp.swift */; };
		A119DCF32F62B0F9002A24FD /* LoginView.swift in Sources */ = {isa = PBXBuildFile; fileRef = A119DCF22F62B0F9002A24FD /* LoginView.swift */; };
		A119DCF62F6321AB002A24FD /* ImmersiveChatView.swift in Sources */ = {isa = PBXBuildFile; fileRef = A119DCF52F6321AB002A24FD /* ImmersiveChatView.swift */; };
		A119DCF82F63B6F7002A24FD /* UnifiedReaderView.swift in Sources */ = {isa = PBXBuildFile; fileRef = A119DCF72F63B6F7002A24FD /* UnifiedReaderView.swift */; };
		A119DCFA2F63C0BC002A24FD /* MarkdownWebView.swift in Sources */ = {isa = PBXBuildFile; fileRef = A119DCF92F63C0BC002A24FD /* MarkdownWebView.swift */; };
		A1A1C9C92F6D443000920399 /* LabThinkingBubble.swift in Sources */ = {isa = PBXBuildFile; fileRef = A1A1C9C82F6D443000920399 /* LabThinkingBubble.swift */; };
		A1E708E42F73E89000FC2F1D /* Assets.xcassets in Resources */ = {isa = PBXBuildFile; fileRef = A1E708E32F73E89000FC2F1D /* Assets.xcassets */; };
/* End PBXBuildFile section */

/* Begin PBXContainerItemProxy section */
		A119DCC32F62AB6C002A24FD /* PBXContainerItemProxy */ = {
			isa = PBXContainerItemProxy;
			containerPortal = A119DCAD2F62AB6B002A24FD /* Project object */;
			proxyType = 1;
			remoteGlobalIDString = A119DCB42F62AB6B002A24FD;
			remoteInfo = ScholarMind;
		};
		A119DCCD2F62AB6D002A24FD /* PBXContainerItemProxy */ = {
			isa = PBXContainerItemProxy;
			containerPortal = A119DCAD2F62AB6B002A24FD /* Project object */;
			proxyType = 1;
			remoteGlobalIDString = A119DCB42F62AB6B002A24FD;
			remoteInfo = ScholarMind;
		};
/* End PBXContainerItemProxy section */

/* Begin PBXFileReference section */
		A10D04B72F63E48E00E1FE28 /* ManualImportView.swift */ = {isa = PBXFileReference; lastKnownFileType = sourcecode.swift; path = ManualImportView.swift; sourceTree = "<group>"; };
		A10D04B92F63FDA400E1FE28 /* ContentView.swift */ = {isa = PBXFileReference; lastKnownFileType = sourcecode.swift; path = ContentView.swift; sourceTree = "<group>"; };
		A10D04CF2F66684200E1FE28 /* CategoryLibraryView.swift */ = {isa = PBXFileReference; lastKnownFileType = sourcecode.swift; path = CategoryLibraryView.swift; sourceTree = "<group>"; };
		A10D04D02F66684200E1FE28 /* ResearchLabView.swift */ = {isa = PBXFileReference; lastKnownFileType = sourcecode.swift; path = ResearchLabView.swift; sourceTree = "<group>"; };
		A119DCC22F62AB6C002A24FD /* ScholarMindTests.xctest */ = {isa = PBXFileReference; explicitFileType = wrapper.cfbundle; includeInIndex = 0; path = ScholarMindTests.xctest; sourceTree = BUILT_PRODUCTS_DIR; };
		A119DCCC2F62AB6D002A24FD /* ScholarMindUITests.xctest */ = {isa = PBXFileReference; explicitFileType = wrapper.cfbundle; includeInIndex = 0; path = ScholarMindUITests.xctest; sourceTree = BUILT_PRODUCTS_DIR; };
		A119DCDF2F62ABBC002A24FD /* ScholarMind.xcodeproj */ = {isa = PBXFileReference; lastKnownFileType = "wrapper.pb-project"; path = ScholarMind.xcodeproj; sourceTree = "<group>"; };
		A119DCE02F62ABBC002A24FD /* Paper.swift */ = {isa = PBXFileReference; lastKnownFileType = sourcecode.swift; path = Paper.swift; sourceTree = "<group>"; };
		A119DCE42F62ABBC002A24FD /* PaperDetailView.swift */ = {isa = PBXFileReference; lastKnownFileType = sourcecode.swift; path = PaperDetailView.swift; sourceTree = "<group>"; };
		A119DCF02F62ADF4002A24FD /* ScholarMindApp.swift */ = {isa = PBXFileReference; lastKnownFileType = sourcecode.swift; path = ScholarMindApp.swift; sourceTree = "<group>"; };
		A119DCF22F62B0F9002A24FD /* LoginView.swift */ = {isa = PBXFileReference; lastKnownFileType = sourcecode.swift; path = LoginView.swift; sourceTree = "<group>"; };
		A119DCF52F6321AB002A24FD /* ImmersiveChatView.swift */ = {isa = PBXFileReference; lastKnownFileType = sourcecode.swift; path = ImmersiveChatView.swift; sourceTree = "<group>"; };
		A119DCF72F63B6F7002A24FD /* UnifiedReaderView.swift */ = {isa = PBXFileReference; lastKnownFileType = sourcecode.swift; path = UnifiedReaderView.swift; sourceTree = "<group>"; };
		A119DCF92F63C0BC002A24FD /* MarkdownWebView.swift */ = {isa = PBXFileReference; lastKnownFileType = sourcecode.swift; path = MarkdownWebView.swift; sourceTree = "<group>"; };
		A1A1C9C82F6D443000920399 /* LabThinkingBubble.swift */ = {isa = PBXFileReference; lastKnownFileType = sourcecode.swift; path = LabThinkingBubble.swift; sourceTree = "<group>"; };
		A1E708E32F73E89000FC2F1D /* Assets.xcassets */ = {isa = PBXFileReference; lastKnownFileType = folder.assetcatalog; path = Assets.xcassets; sourceTree = "<group>"; };
		A1F827F12F7D082A00B015A5 /* ScholarMind.app */ = {isa = PBXFileReference; explicitFileType = wrapper.application; includeInIndex = 0; path = ScholarMind.app; sourceTree = BUILT_PRODUCTS_DIR; };
/* End PBXFileReference section */

/* Begin PBXFileSystemSynchronizedRootGroup section */
		A1F825A82F76E22F00B015A5 /* scripts */ = {
			isa = PBXFileSystemSynchronizedRootGroup;
			path = scripts;
			sourceTree = "<group>";
		};
/* End PBXFileSystemSynchronizedRootGroup section */

/* Begin PBXFrameworksBuildPhase section */
		A119DCB22F62AB6B002A24FD /* Frameworks */ = {
			isa = PBXFrameworksBuildPhase;
			buildActionMask = 2147483647;
			files = (
			);
			runOnlyForDeploymentPostprocessing = 0;
		};
		A119DCBF2F62AB6C002A24FD /* Frameworks */ = {
			isa = PBXFrameworksBuildPhase;
			buildActionMask = 2147483647;
			files = (
			);
			runOnlyForDeploymentPostprocessing = 0;
		};
		A119DCC92F62AB6D002A24FD /* Frameworks */ = {
			isa = PBXFrameworksBuildPhase;
			buildActionMask = 2147483647;
			files = (
			);
			runOnlyForDeploymentPostprocessing = 0;
		};
/* End PBXFrameworksBuildPhase section */

/* Begin PBXGroup section */
		A119DCAC2F62AB6B002A24FD = {
			isa = PBXGroup;
			children = (
				A119DCF02F62ADF4002A24FD /* ScholarMindApp.swift */,
				A119DCB62F62AB6B002A24FD /* Products */,
				A119DCDF2F62ABBC002A24FD /* ScholarMind.xcodeproj */,
				A119DCE82F62ABBC002A24FD /* ScholarMindApp */,
				A1E708E32F73E89000FC2F1D /* Assets.xcassets */,
				A1F825A82F76E22F00B015A5 /* scripts */,
			);
			sourceTree = "<group>";
		};
		A119DCB62F62AB6B002A24FD /* Products */ = {
			isa = PBXGroup;
			children = (
				A119DCC22F62AB6C002A24FD /* ScholarMindTests.xctest */,
				A119DCCC2F62AB6D002A24FD /* ScholarMindUITests.xctest */,
				A1F827F12F7D082A00B015A5 /* ScholarMind.app */,
			);
			name = Products;
			sourceTree = "<group>";
		};
		A119DCE12F62ABBC002A24FD /* Models */ = {
			isa = PBXGroup;
			children = (
				A119DCE02F62ABBC002A24FD /* Paper.swift */,
			);
			path = Models;
			sourceTree = "<group>";
		};
		A119DCE22F62ABBC002A24FD /* ViewModels */ = {
			isa = PBXGroup;
			children = (
			);
			path = ViewModels;
			sourceTree = "<group>";
		};
		A119DCE52F62ABBC002A24FD /* Views */ = {
			isa = PBXGroup;
			children = (
				A1A1C9C82F6D443000920399 /* LabThinkingBubble.swift */,
				A10D04CF2F66684200E1FE28 /* CategoryLibraryView.swift */,
				A10D04D02F66684200E1FE28 /* ResearchLabView.swift */,
				A10D04B92F63FDA400E1FE28 /* ContentView.swift */,
				A10D04B72F63E48E00E1FE28 /* ManualImportView.swift */,
				A119DCF92F63C0BC002A24FD /* MarkdownWebView.swift */,
				A119DCF52F6321AB002A24FD /* ImmersiveChatView.swift */,
				A119DCF22F62B0F9002A24FD /* LoginView.swift */,
				A119DCF72F63B6F7002A24FD /* UnifiedReaderView.swift */,
				A119DCE42F62ABBC002A24FD /* PaperDetailView.swift */,
			);
			path = Views;
			sourceTree = "<group>";
		};
		A119DCE82F62ABBC002A24FD /* ScholarMindApp */ = {
			isa = PBXGroup;
			children = (
				A119DCE12F62ABBC002A24FD /* Models */,
				A119DCE22F62ABBC002A24FD /* ViewModels */,
				A119DCE52F62ABBC002A24FD /* Views */,
			);
			path = ScholarMindApp;
			sourceTree = "<group>";
		};
		A119DCE92F62ABBC002A24FD /* Products */ = {
			isa = PBXGroup;
			name = Products;
			sourceTree = "<group>";
		};
/* End PBXGroup section */

/* Begin PBXNativeTarget section */
		A119DCB42F62AB6B002A24FD /* ScholarMind */ = {
			isa = PBXNativeTarget;
			buildConfigurationList = A119DCD62F62AB6D002A24FD /* Build configuration list for PBXNativeTarget "ScholarMind" */;
			buildPhases = (
				A119DCB12F62AB6B002A24FD /* Sources */,
				A119DCB22F62AB6B002A24FD /* Frameworks */,
				A119DCB32F62AB6B002A24FD /* Resources */,
			);
			buildRules = (
			);
			dependencies = (
			);
			fileSystemSynchronizedGroups = (
				A1F825A82F76E22F00B015A5 /* scripts */,
			);
			name = ScholarMind;
			packageProductDependencies = (
			);
			productName = ScholarMind;
			productReference = A1F827F12F7D082A00B015A5 /* ScholarMind.app */;
			productType = "com.apple.product-type.application";
		};
		A119DCC12F62AB6C002A24FD /* ScholarMindTests */ = {
			isa = PBXNativeTarget;
			buildConfigurationList = A119DCD92F62AB6D002A24FD /* Build configuration list for PBXNativeTarget "ScholarMindTests" */;
			buildPhases = (
				A119DCBE2F62AB6C002A24FD /* Sources */,
				A119DCBF2F62AB6C002A24FD /* Frameworks */,
				A119DCC02F62AB6C002A24FD /* Resources */,
			);
			buildRules = (
			);
			dependencies = (
				A119DCC42F62AB6C002A24FD /* PBXTargetDependency */,
			);
			name = ScholarMindTests;
			packageProductDependencies = (
			);
			productName = ScholarMindTests;
			productReference = A119DCC22F62AB6C002A24FD /* ScholarMindTests.xctest */;
			productType = "com.apple.product-type.bundle.unit-test";
		};
		A119DCCB2F62AB6D002A24FD /* ScholarMindUITests */ = {
			isa = PBXNativeTarget;
			buildConfigurationList = A119DCDC2F62AB6D002A24FD /* Build configuration list for PBXNativeTarget "ScholarMindUITests" */;
			buildPhases = (
				A119DCC82F62AB6D002A24FD /* Sources */,
				A119DCC92F62AB6D002A24FD /* Frameworks */,
				A119DCCA2F62AB6D002A24FD /* Resources */,
			);
			buildRules = (
			);
			dependencies = (
				A119DCCE2F62AB6D002A24FD /* PBXTargetDependency */,
			);
			name = ScholarMindUITests;
			packageProductDependencies = (
			);
			productName = ScholarMindUITests;
			productReference = A119DCCC2F62AB6D002A24FD /* ScholarMindUITests.xctest */;
			productType = "com.apple.product-type.bundle.ui-testing";
		};
/* End PBXNativeTarget section */

/* Begin PBXProject section */
		A119DCAD2F62AB6B002A24FD /* Project object */ = {
			isa = PBXProject;
			attributes = {
				BuildIndependentTargetsInParallel = 1;
				LastSwiftUpdateCheck = 2620;
				LastUpgradeCheck = 2620;
				TargetAttributes = {
					A119DCB42F62AB6B002A24FD = {
						CreatedOnToolsVersion = 26.2;
					};
					A119DCC12F62AB6C002A24FD = {
						CreatedOnToolsVersion = 26.2;
						TestTargetID = A119DCB42F62AB6B002A24FD;
					};
					A119DCCB2F62AB6D002A24FD = {
						CreatedOnToolsVersion = 26.2;
						TestTargetID = A119DCB42F62AB6B002A24FD;
					};
				};
			};
			buildConfigurationList = A119DCB02F62AB6B002A24FD /* Build configuration list for PBXProject "ScholarMind" */;
			developmentRegion = en;
			hasScannedForEncodings = 0;
			knownRegions = (
				en,
				Base,
			);
			mainGroup = A119DCAC2F62AB6B002A24FD;
			minimizedProjectReferenceProxies = 1;
			preferredProjectObjectVersion = 77;
			productRefGroup = A119DCB62F62AB6B002A24FD /* Products */;
			projectDirPath = "";
			projectReferences = (
				{
					ProductGroup = A119DCE92F62ABBC002A24FD /* Products */;
					ProjectRef = A119DCDF2F62ABBC002A24FD /* ScholarMind.xcodeproj */;
				},
			);
			projectRoot = "";
			targets = (
				A119DCB42F62AB6B002A24FD /* ScholarMind */,
				A119DCC12F62AB6C002A24FD /* ScholarMindTests */,
				A119DCCB2F62AB6D002A24FD /* ScholarMindUITests */,
			);
		};
/* End PBXProject section */

/* Begin PBXResourcesBuildPhase section */
		A119DCB32F62AB6B002A24FD /* Resources */ = {
			isa = PBXResourcesBuildPhase;
			buildActionMask = 2147483647;
			files = (
				A1E708E42F73E89000FC2F1D /* Assets.xcassets in Resources */,
			);
			runOnlyForDeploymentPostprocessing = 0;
		};
		A119DCC02F62AB6C002A24FD /* Resources */ = {
			isa = PBXResourcesBuildPhase;
			buildActionMask = 2147483647;
			files = (
			);
			runOnlyForDeploymentPostprocessing = 0;
		};
		A119DCCA2F62AB6D002A24FD /* Resources */ = {
			isa = PBXResourcesBuildPhase;
			buildActionMask = 2147483647;
			files = (
			);
			runOnlyForDeploymentPostprocessing = 0;
		};
/* End PBXResourcesBuildPhase section */

/* Begin PBXSourcesBuildPhase section */
		A119DCB12F62AB6B002A24FD /* Sources */ = {
			isa = PBXSourcesBuildPhase;
			buildActionMask = 2147483647;
			files = (
				A119DCF12F62AE5A002A24FD /* ScholarMindApp.swift in Sources */,
				A119DCF82F63B6F7002A24FD /* UnifiedReaderView.swift in Sources */,
				A119DCEC2F62ABBC002A24FD /* Paper.swift in Sources */,
				A119DCF62F6321AB002A24FD /* ImmersiveChatView.swift in Sources */,
				A119DCFA2F63C0BC002A24FD /* MarkdownWebView.swift in Sources */,
				A10D04B82F63E48E00E1FE28 /* ManualImportView.swift in Sources */,
				A10D04BA2F63FDA400E1FE28 /* ContentView.swift in Sources */,
				A119DCED2F62ABBC002A24FD /* PaperDetailView.swift in Sources */,
				A119DCF32F62B0F9002A24FD /* LoginView.swift in Sources */,
				A1A1C9C92F6D443000920399 /* LabThinkingBubble.swift in Sources */,
				A10D04D12F66684200E1FE28 /* CategoryLibraryView.swift in Sources */,
				A10D04D22F66684200E1FE28 /* ResearchLabView.swift in Sources */,
			);
			runOnlyForDeploymentPostprocessing = 0;
		};
		A119DCBE2F62AB6C002A24FD /* Sources */ = {
			isa = PBXSourcesBuildPhase;
			buildActionMask = 2147483647;
			files = (
			);
			runOnlyForDeploymentPostprocessing = 0;
		};
		A119DCC82F62AB6D002A24FD /* Sources */ = {
			isa = PBXSourcesBuildPhase;
			buildActionMask = 2147483647;
			files = (
			);
			runOnlyForDeploymentPostprocessing = 0;
		};
/* End PBXSourcesBuildPhase section */

/* Begin PBXTargetDependency section */
		A119DCC42F62AB6C002A24FD /* PBXTargetDependency */ = {
			isa = PBXTargetDependency;
			target = A119DCB42F62AB6B002A24FD /* ScholarMind */;
			targetProxy = A119DCC32F62AB6C002A24FD /* PBXContainerItemProxy */;
		};
		A119DCCE2F62AB6D002A24FD /* PBXTargetDependency */ = {
			isa = PBXTargetDependency;
			target = A119DCB42F62AB6B002A24FD /* ScholarMind */;
			targetProxy = A119DCCD2F62AB6D002A24FD /* PBXContainerItemProxy */;
		};
/* End PBXTargetDependency section */

/* Begin XCBuildConfiguration section */
		A119DCD42F62AB6D002A24FD /* Debug */ = {
			isa = XCBuildConfiguration;
			buildSettings = {
				ALWAYS_SEARCH_USER_PATHS = NO;
				ASSETCATALOG_COMPILER_GENERATE_SWIFT_ASSET_SYMBOL_EXTENSIONS = YES;
				CLANG_ANALYZER_NONNULL = YES;
				CLANG_ANALYZER_NUMBER_OBJECT_CONVERSION = YES_AGGRESSIVE;
				CLANG_CXX_LANGUAGE_STANDARD = "gnu++20";
				CLANG_ENABLE_MODULES = YES;
				CLANG_ENABLE_OBJC_ARC = YES;
				CLANG_ENABLE_OBJC_WEAK = YES;
				CLANG_WARN_BLOCK_CAPTURE_AUTORELEASING = YES;
				CLANG_WARN_BOOL_CONVERSION = YES;
				CLANG_WARN_COMMA = YES;
				CLANG_WARN_CONSTANT_CONVERSION = YES;
				CLANG_WARN_DEPRECATED_OBJC_IMPLEMENTATIONS = YES;
				CLANG_WARN_DIRECT_OBJC_ISA_USAGE = YES_ERROR;
				CLANG_WARN_DOCUMENTATION_COMMENTS = YES;
				CLANG_WARN_EMPTY_BODY = YES;
				CLANG_WARN_ENUM_CONVERSION = YES;
				CLANG_WARN_INFINITE_RECURSION = YES;
				CLANG_WARN_INT_CONVERSION = YES;
				CLANG_WARN_NON_LITERAL_NULL_CONVERSION = YES;
				CLANG_WARN_OBJC_IMPLICIT_RETAIN_SELF = YES;
				CLANG_WARN_OBJC_LITERAL_CONVERSION = YES;
				CLANG_WARN_OBJC_ROOT_CLASS = YES_ERROR;
				CLANG_WARN_QUOTED_INCLUDE_IN_FRAMEWORK_HEADER = YES;
				CLANG_WARN_RANGE_LOOP_ANALYSIS = YES;
				CLANG_WARN_STRICT_PROTOTYPES = YES;
				CLANG_WARN_SUSPICIOUS_MOVE = YES;
				CLANG_WARN_UNGUARDED_AVAILABILITY = YES_AGGRESSIVE;
				CLANG_WARN_UNREACHABLE_CODE = YES;
				CLANG_WARN__DUPLICATE_METHOD_MATCH = YES;
				COPY_PHASE_STRIP = NO;
				DEBUG_INFORMATION_FORMAT = dwarf;
				ENABLE_STRICT_OBJC_MSGSEND = YES;
				ENABLE_TESTABILITY = YES;
				ENABLE_USER_SCRIPT_SANDBOXING = YES;
				GCC_C_LANGUAGE_STANDARD = gnu17;
				GCC_DYNAMIC_NO_PIC = NO;
				GCC_NO_COMMON_BLOCKS = YES;
				GCC_OPTIMIZATION_LEVEL = 0;
				GCC_PREPROCESSOR_DEFINITIONS = (
					"DEBUG=1",
					"$(inherited)",
				);
				GCC_WARN_64_TO_32_BIT_CONVERSION = YES;
				GCC_WARN_ABOUT_RETURN_TYPE = YES_ERROR;
				GCC_WARN_UNDECLARED_SELECTOR = YES;
				GCC_WARN_UNINITIALIZED_AUTOS = YES_AGGRESSIVE;
				GCC_WARN_UNUSED_FUNCTION = YES;
				GCC_WARN_UNUSED_VARIABLE = YES;
				LOCALIZATION_PREFERS_STRING_CATALOGS = YES;
				MACOSX_DEPLOYMENT_TARGET = 26.0;
				MTL_ENABLE_DEBUG_INFO = INCLUDE_SOURCE;
				MTL_FAST_MATH = YES;
				ONLY_ACTIVE_ARCH = YES;
				SDKROOT = macosx;
				SWIFT_ACTIVE_COMPILATION_CONDITIONS = "DEBUG $(inherited)";
				SWIFT_OPTIMIZATION_LEVEL = "-Onone";
			};
			name = Debug;
		};
		A119DCD52F62AB6D002A24FD /* Release */ = {
			isa = XCBuildConfiguration;
			buildSettings = {
				ALWAYS_SEARCH_USER_PATHS = NO;
				ASSETCATALOG_COMPILER_GENERATE_SWIFT_ASSET_SYMBOL_EXTENSIONS = YES;
				CLANG_ANALYZER_NONNULL = YES;
				CLANG_ANALYZER_NUMBER_OBJECT_CONVERSION = YES_AGGRESSIVE;
				CLANG_CXX_LANGUAGE_STANDARD = "gnu++20";
				CLANG_ENABLE_MODULES = YES;
				CLANG_ENABLE_OBJC_ARC = YES;
				CLANG_ENABLE_OBJC_WEAK = YES;
				CLANG_WARN_BLOCK_CAPTURE_AUTORELEASING = YES;
				CLANG_WARN_BOOL_CONVERSION = YES;
				CLANG_WARN_COMMA = YES;
				CLANG_WARN_CONSTANT_CONVERSION = YES;
				CLANG_WARN_DEPRECATED_OBJC_IMPLEMENTATIONS = YES;
				CLANG_WARN_DIRECT_OBJC_ISA_USAGE = YES_ERROR;
				CLANG_WARN_DOCUMENTATION_COMMENTS = YES;
				CLANG_WARN_EMPTY_BODY = YES;
				CLANG_WARN_ENUM_CONVERSION = YES;
				CLANG_WARN_INFINITE_RECURSION = YES;
				CLANG_WARN_INT_CONVERSION = YES;
				CLANG_WARN_NON_LITERAL_NULL_CONVERSION = YES;
				CLANG_WARN_OBJC_IMPLICIT_RETAIN_SELF = YES;
				CLANG_WARN_OBJC_LITERAL_CONVERSION = YES;
				CLANG_WARN_OBJC_ROOT_CLASS = YES_ERROR;
				CLANG_WARN_QUOTED_INCLUDE_IN_FRAMEWORK_HEADER = YES;
				CLANG_WARN_RANGE_LOOP_ANALYSIS = YES;
				CLANG_WARN_STRICT_PROTOTYPES = YES;
				CLANG_WARN_SUSPICIOUS_MOVE = YES;
				CLANG_WARN_UNGUARDED_AVAILABILITY = YES_AGGRESSIVE;
				CLANG_WARN_UNREACHABLE_CODE = YES;
				CLANG_WARN__DUPLICATE_METHOD_MATCH = YES;
				COPY_PHASE_STRIP = NO;
				DEBUG_INFORMATION_FORMAT = "dwarf-with-dsym";
				ENABLE_NS_ASSERTIONS = NO;
				ENABLE_STRICT_OBJC_MSGSEND = YES;
				ENABLE_USER_SCRIPT_SANDBOXING = YES;
				GCC_C_LANGUAGE_STANDARD = gnu17;
				GCC_NO_COMMON_BLOCKS = YES;
				GCC_WARN_64_TO_32_BIT_CONVERSION = YES;
				GCC_WARN_ABOUT_RETURN_TYPE = YES_ERROR;
				GCC_WARN_UNDECLARED_SELECTOR = YES;
				GCC_WARN_UNINITIALIZED_AUTOS = YES_AGGRESSIVE;
				GCC_WARN_UNUSED_FUNCTION = YES;
				GCC_WARN_UNUSED_VARIABLE = YES;
				LOCALIZATION_PREFERS_STRING_CATALOGS = YES;
				MACOSX_DEPLOYMENT_TARGET = 26.0;
				MTL_ENABLE_DEBUG_INFO = NO;
				MTL_FAST_MATH = YES;
				SDKROOT = macosx;
				SWIFT_COMPILATION_MODE = wholemodule;
			};
			name = Release;
		};
		A119DCD72F62AB6D002A24FD /* Debug */ = {
			isa = XCBuildConfiguration;
			buildSettings = {
				ASSETCATALOG_COMPILER_APPICON_NAME = AppIcon;
				ASSETCATALOG_COMPILER_GLOBAL_ACCENT_COLOR_NAME = AccentColor;
				ASSETCATALOG_COMPILER_INCLUDE_ALL_APPICON_ASSETS = YES;
				CODE_SIGN_STYLE = Automatic;
				COMBINE_HIDPI_IMAGES = YES;
				CURRENT_PROJECT_VERSION = 1;
				ENABLE_APP_SANDBOX = NO;
				ENABLE_PREVIEWS = YES;
				GENERATE_INFOPLIST_FILE = YES;
				INFOPLIST_KEY_NSHumanReadableCopyright = "";
				LD_RUNPATH_SEARCH_PATHS = (
					"$(inherited)",
					"@executable_path/../Frameworks",
				);
				MACOSX_DEPLOYMENT_TARGET = 26.0;
				MARKETING_VERSION = 1.0;
				PRODUCT_BUNDLE_IDENTIFIER = com.wzqin.ScholarMind;
				PRODUCT_NAME = "$(TARGET_NAME)";
				REGISTER_APP_GROUPS = YES;
				STRING_CATALOG_GENERATE_SYMBOLS = YES;
				SWIFT_APPROACHABLE_CONCURRENCY = YES;
				SWIFT_DEFAULT_ACTOR_ISOLATION = MainActor;
				SWIFT_EMIT_LOC_STRINGS = YES;
				SWIFT_UPCOMING_FEATURE_MEMBER_IMPORT_VISIBILITY = YES;
				SWIFT_VERSION = 5.0;
			};
			name = Debug;
		};
		A119DCD82F62AB6D002A24FD /* Release */ = {
			isa = XCBuildConfiguration;
			buildSettings = {
				ASSETCATALOG_COMPILER_APPICON_NAME = AppIcon;
				ASSETCATALOG_COMPILER_GLOBAL_ACCENT_COLOR_NAME = AccentColor;
				ASSETCATALOG_COMPILER_INCLUDE_ALL_APPICON_ASSETS = YES;
				CODE_SIGN_STYLE = Automatic;
				COMBINE_HIDPI_IMAGES = YES;
				CURRENT_PROJECT_VERSION = 1;
				ENABLE_APP_SANDBOX = NO;
				ENABLE_PREVIEWS = YES;
				GENERATE_INFOPLIST_FILE = YES;
				INFOPLIST_KEY_NSHumanReadableCopyright = "";
				LD_RUNPATH_SEARCH_PATHS = (
					"$(inherited)",
					"@executable_path/../Frameworks",
				);
				MACOSX_DEPLOYMENT_TARGET = 26.0;
				MARKETING_VERSION = 1.0;
				PRODUCT_BUNDLE_IDENTIFIER = com.wzqin.ScholarMind;
				PRODUCT_NAME = "$(TARGET_NAME)";
				REGISTER_APP_GROUPS = YES;
				STRING_CATALOG_GENERATE_SYMBOLS = YES;
				SWIFT_APPROACHABLE_CONCURRENCY = YES;
				SWIFT_DEFAULT_ACTOR_ISOLATION = MainActor;
				SWIFT_EMIT_LOC_STRINGS = YES;
				SWIFT_UPCOMING_FEATURE_MEMBER_IMPORT_VISIBILITY = YES;
				SWIFT_VERSION = 5.0;
			};
			name = Release;
		};
		A119DCDA2F62AB6D002A24FD /* Debug */ = {
			isa = XCBuildConfiguration;
			buildSettings = {
				BUNDLE_LOADER = "$(TEST_HOST)";
				CODE_SIGN_STYLE = Automatic;
				CURRENT_PROJECT_VERSION = 1;
				GENERATE_INFOPLIST_FILE = YES;
				MACOSX_DEPLOYMENT_TARGET = 26.0;
				MARKETING_VERSION = 1.0;
				PRODUCT_BUNDLE_IDENTIFIER = com.wzqin.ScholarMindTests;
				PRODUCT_NAME = "$(TARGET_NAME)";
				STRING_CATALOG_GENERATE_SYMBOLS = NO;
				SWIFT_APPROACHABLE_CONCURRENCY = YES;
				SWIFT_EMIT_LOC_STRINGS = NO;
				SWIFT_UPCOMING_FEATURE_MEMBER_IMPORT_VISIBILITY = YES;
				SWIFT_VERSION = 5.0;
				TEST_HOST = "$(BUILT_PRODUCTS_DIR)/ScholarMind.app/$(BUNDLE_EXECUTABLE_FOLDER_PATH)/ScholarMind";
			};
			name = Debug;
		};
		A119DCDB2F62AB6D002A24FD /* Release */ = {
			isa = XCBuildConfiguration;
			buildSettings = {
				BUNDLE_LOADER = "$(TEST_HOST)";
				CODE_SIGN_STYLE = Automatic;
				CURRENT_PROJECT_VERSION = 1;
				GENERATE_INFOPLIST_FILE = YES;
				MACOSX_DEPLOYMENT_TARGET = 26.0;
				MARKETING_VERSION = 1.0;
				PRODUCT_BUNDLE_IDENTIFIER = com.wzqin.ScholarMindTests;
				PRODUCT_NAME = "$(TARGET_NAME)";
				STRING_CATALOG_GENERATE_SYMBOLS = NO;
				SWIFT_APPROACHABLE_CONCURRENCY = YES;
				SWIFT_EMIT_LOC_STRINGS = NO;
				SWIFT_UPCOMING_FEATURE_MEMBER_IMPORT_VISIBILITY = YES;
				SWIFT_VERSION = 5.0;
				TEST_HOST = "$(BUILT_PRODUCTS_DIR)/ScholarMind.app/$(BUNDLE_EXECUTABLE_FOLDER_PATH)/ScholarMind";
			};
			name = Release;
		};
		A119DCDD2F62AB6D002A24FD /* Debug */ = {
			isa = XCBuildConfiguration;
			buildSettings = {
				CODE_SIGN_STYLE = Automatic;
				CURRENT_PROJECT_VERSION = 1;
				GENERATE_INFOPLIST_FILE = YES;
				MARKETING_VERSION = 1.0;
				PRODUCT_BUNDLE_IDENTIFIER = com.wzqin.ScholarMindUITests;
				PRODUCT_NAME = "$(TARGET_NAME)";
				STRING_CATALOG_GENERATE_SYMBOLS = NO;
				SWIFT_APPROACHABLE_CONCURRENCY = YES;
				SWIFT_EMIT_LOC_STRINGS = NO;
				SWIFT_UPCOMING_FEATURE_MEMBER_IMPORT_VISIBILITY = YES;
				SWIFT_VERSION = 5.0;
				TEST_TARGET_NAME = ScholarMind;
			};
			name = Debug;
		};
		A119DCDE2F62AB6D002A24FD /* Release */ = {
			isa = XCBuildConfiguration;
			buildSettings = {
				CODE_SIGN_STYLE = Automatic;
				CURRENT_PROJECT_VERSION = 1;
				GENERATE_INFOPLIST_FILE = YES;
				MARKETING_VERSION = 1.0;
				PRODUCT_BUNDLE_IDENTIFIER = com.wzqin.ScholarMindUITests;
				PRODUCT_NAME = "$(TARGET_NAME)";
				STRING_CATALOG_GENERATE_SYMBOLS = NO;
				SWIFT_APPROACHABLE_CONCURRENCY = YES;
				SWIFT_EMIT_LOC_STRINGS = NO;
				SWIFT_UPCOMING_FEATURE_MEMBER_IMPORT_VISIBILITY = YES;
				SWIFT_VERSION = 5.0;
				TEST_TARGET_NAME = ScholarMind;
			};
			name = Release;
		};
/* End XCBuildConfiguration section */

/* Begin XCConfigurationList section */
		A119DCB02F62AB6B002A24FD /* Build configuration list for PBXProject "ScholarMind" */ = {
			isa = XCConfigurationList;
			buildConfigurations = (
				A119DCD42F62AB6D002A24FD /* Debug */,
				A119DCD52F62AB6D002A24FD /* Release */,
			);
			defaultConfigurationIsVisible = 0;
			defaultConfigurationName = Release;
		};
		A119DCD62F62AB6D002A24FD /* Build configuration list for PBXNativeTarget "ScholarMind" */ = {
			isa = XCConfigurationList;
			buildConfigurations = (
				A119DCD72F62AB6D002A24FD /* Debug */,
				A119DCD82F62AB6D002A24FD /* Release */,
			);
			defaultConfigurationIsVisible = 0;
			defaultConfigurationName = Release;
		};
		A119DCD92F62AB6D002A24FD /* Build configuration list for PBXNativeTarget "ScholarMindTests" */ = {
			isa = XCConfigurationList;
			buildConfigurations = (
				A119DCDA2F62AB6D002A24FD /* Debug */,
				A119DCDB2F62AB6D002A24FD /* Release */,
			);
			defaultConfigurationIsVisible = 0;
			defaultConfigurationName = Release;
		};
		A119DCDC2F62AB6D002A24FD /* Build configuration list for PBXNativeTarget "ScholarMindUITests" */ = {
			isa = XCConfigurationList;
			buildConfigurations = (
				A119DCDD2F62AB6D002A24FD /* Debug */,
				A119DCDE2F62AB6D002A24FD /* Release */,
			);
			defaultConfigurationIsVisible = 0;
			defaultConfigurationName = Release;
		};
/* End XCConfigurationList section */
	};
	rootObject = A119DCAD2F62AB6B002A24FD /* Project object */;
}
